{
  "nodes": {
    "nixpkgs": {
      "locked": {
        "lastModified": 1711333969,
        "narHash": "sha256-5PiWGn10DQjMZee5NXzeA6ccsv60iLu+Xtw+mfvkUAs=",
        "owner": "NixOS",
        "repo": "nixpkgs",
        "rev": "57e6b3a9e4ebec5aa121188301f04a6b8c354c9b",
        "type": "github"
      },
      "original": {
        "owner": "NixOS",
        "ref": "nixos-unstable",
        "repo": "nixpkgs",
        "type": "github"
      }
    },
    "outlook_src": {
      "flake": false,
      "locked": {
        "narHash": "sha256-wXuAKMG2Jt6zcWz2n2m4Ppf1KGkQKt6e9Ad0+7ZQq1M=",
        "type": "file",
        "url": "https://go.microsoft.com/fwlink/p/?linkid=525137"
      },
      "original": {
        "type": "file",
        "url": "https://go.microsoft.com/fwlink/p/?linkid=525137"
      }
    },
    "root": {
      "inputs": {
        "nixpkgs": "nixpkgs",
        "outlook_src": "outlook_src"
      }
    }
  },
  "root": "root",
  "version": 7
}
